
Microsoft Visual Studio Solution File, Format Version 12.00
# Visual Studio Version 16
VisualStudioVersion = 16.0.33529.622
MinimumVisualStudioVersion = 10.0.40219.1
Project("{8BC9CEB8-8B4A-11D0-8D11-00A0C91BC942}") = "44f_a", "44f_a\44f_a.vcxproj", "{AB26C5F2-5102-41FC-8BBE-7DAB751CAA30}"
EndProject
Global
	GlobalSection(SolutionConfigurationPlatforms) = preSolution
		Debug|x64 = Debug|x64
		Debug|x86 = Debug|x86
		Release|x64 = Release|x64
		Release|x86 = Release|x86
	EndGlobalSection
	GlobalSection(ProjectConfigurationPlatforms) = postSolution
		{AB26C5F2-5102-41FC-8BBE-7DAB751CAA30}.Debug|x64.ActiveCfg = Debug|x64
		{AB26C5F2-5102-41FC-8BBE-7DAB751CAA30}.Debug|x64.Build.0 = Debug|x64
		{AB26C5F2-5102-41FC-8BBE-7DAB751CAA30}.Debug|x86.ActiveCfg = Debug|Win32
		{AB26C5F2-5102-41FC-8BBE-7DAB751CAA30}.Debug|x86.Build.0 = Debug|Win32
		{AB26C5F2-5102-41FC-8BBE-7DAB751CAA30}.Release|x64.ActiveCfg = Release|x64
		{AB26C5F2-5102-41FC-8BBE-7DAB751CAA30}.Release|x64.Build.0 = Release|x64
		{AB26C5F2-5102-41FC-8BBE-7DAB751CAA30}.Release|x86.ActiveCfg = Release|Win32
		{AB26C5F2-5102-41FC-8BBE-7DAB751CAA30}.Release|x86.Build.0 = Release|Win32
	EndGlobalSection
	GlobalSection(SolutionProperties) = preSolution
		HideSolutionNode = FALSE
	EndGlobalSection
	GlobalSection(ExtensibilityGlobals) = postSolution
		SolutionGuid = {EAAD1075-DB18-4564-A435-91CA49B7B456}
	EndGlobalSection
EndGlobal
